
Microsoft Visual Studio Solution File, Format Version 12.00
# Visual Studio Version 16
VisualStudioVersion = 16.0.31702.278
MinimumVisualStudioVersion = 10.0.40219.1
Project("{FAE04EC0-301F-11D3-BF4B-00C04F79EFBC}") = "Qual_C", "Qual_C\Qual_C.csproj", "{CEB55788-5273-4E49-8E17-261B9D979BED}"
EndProject
Project("{FAE04EC0-301F-11D3-BF4B-00C04F79EFBC}") = "Qual_A", "Qual_A\Qual_A.csproj", "{CF659682-BAF1-4686-A971-E309668E7568}"
EndProject
Project("{FAE04EC0-301F-11D3-BF4B-00C04F79EFBC}") = "Qual_B", "Qual_B\Qual_B.csproj", "{10FC1ACB-55C1-41EF-B597-89219F12F5DD}"
EndProject
Project("{FAE04EC0-301F-11D3-BF4B-00C04F79EFBC}") = "Qual_D", "Qual_D\Qual_D.csproj", "{3C7F52ED-1565-407B-B410-074F731343C0}"
EndProject
Project("{2150E333-8FDC-42A3-9474-1A3956D46DE8}") = "Qual", "Qual", "{39034393-F969-4141-89BD-ED0325ED8043}"
EndProject
Project("{FAE04EC0-301F-11D3-BF4B-00C04F79EFBC}") = "1a_A", "1a_A\1a_A.csproj", "{7AFFE0C0-CC3F-4DC3-BD20-ABEE4CC70EB6}"
EndProject
Project("{FAE04EC0-301F-11D3-BF4B-00C04F79EFBC}") = "Round1a_B", "Round1a_B\Round1a_B.csproj", "{702F3699-B147-46EB-B494-DB3C63E354A4}"
EndProject
Project("{2150E333-8FDC-42A3-9474-1A3956D46DE8}") = "1a", "1a", "{5F0F4F2C-34B4-4756-A9A8-8C03629F0883}"
EndProject
Project("{FAE04EC0-301F-11D3-BF4B-00C04F79EFBC}") = "1B_A", "1B_A\1B_A.csproj", "{AFF14611-254C-435C-ACA4-89DA69228F92}"
EndProject
Project("{FAE04EC0-301F-11D3-BF4B-00C04F79EFBC}") = "1B_B", "1B_B\1B_B.csproj", "{136029BB-8732-406E-A7A2-6D7239376766}"
EndProject
Project("{FAE04EC0-301F-11D3-BF4B-00C04F79EFBC}") = "1B_C", "1B_C\1B_C.csproj", "{5569ABD7-11BE-4F7B-9564-1DF8D28762B5}"
EndProject
Global
	GlobalSection(SolutionConfigurationPlatforms) = preSolution
		Debug|Any CPU = Debug|Any CPU
		Release|Any CPU = Release|Any CPU
	EndGlobalSection
	GlobalSection(ProjectConfigurationPlatforms) = postSolution
		{CEB55788-5273-4E49-8E17-261B9D979BED}.Debug|Any CPU.ActiveCfg = Debug|Any CPU
		{CEB55788-5273-4E49-8E17-261B9D979BED}.Debug|Any CPU.Build.0 = Debug|Any CPU
		{CEB55788-5273-4E49-8E17-261B9D979BED}.Release|Any CPU.ActiveCfg = Release|Any CPU
		{CEB55788-5273-4E49-8E17-261B9D979BED}.Release|Any CPU.Build.0 = Release|Any CPU
		{CF659682-BAF1-4686-A971-E309668E7568}.Debug|Any CPU.ActiveCfg = Debug|Any CPU
		{CF659682-BAF1-4686-A971-E309668E7568}.Debug|Any CPU.Build.0 = Debug|Any CPU
		{CF659682-BAF1-4686-A971-E309668E7568}.Release|Any CPU.ActiveCfg = Release|Any CPU
		{CF659682-BAF1-4686-A971-E309668E7568}.Release|Any CPU.Build.0 = Release|Any CPU
		{10FC1ACB-55C1-41EF-B597-89219F12F5DD}.Debug|Any CPU.ActiveCfg = Debug|Any CPU
		{10FC1ACB-55C1-41EF-B597-89219F12F5DD}.Debug|Any CPU.Build.0 = Debug|Any CPU
		{10FC1ACB-55C1-41EF-B597-89219F12F5DD}.Release|Any CPU.ActiveCfg = Release|Any CPU
		{10FC1ACB-55C1-41EF-B597-89219F12F5DD}.Release|Any CPU.Build.0 = Release|Any CPU
		{3C7F52ED-1565-407B-B410-074F731343C0}.Debug|Any CPU.ActiveCfg = Debug|Any CPU
		{3C7F52ED-1565-407B-B410-074F731343C0}.Debug|Any CPU.Build.0 = Debug|Any CPU
		{3C7F52ED-1565-407B-B410-074F731343C0}.Release|Any CPU.ActiveCfg = Release|Any CPU
		{3C7F52ED-1565-407B-B410-074F731343C0}.Release|Any CPU.Build.0 = Release|Any CPU
		{7AFFE0C0-CC3F-4DC3-BD20-ABEE4CC70EB6}.Debug|Any CPU.ActiveCfg = Debug|Any CPU
		{7AFFE0C0-CC3F-4DC3-BD20-ABEE4CC70EB6}.Debug|Any CPU.Build.0 = Debug|Any CPU
		{7AFFE0C0-CC3F-4DC3-BD20-ABEE4CC70EB6}.Release|Any CPU.ActiveCfg = Release|Any CPU
		{7AFFE0C0-CC3F-4DC3-BD20-ABEE4CC70EB6}.Release|Any CPU.Build.0 = Release|Any CPU
		{702F3699-B147-46EB-B494-DB3C63E354A4}.Debug|Any CPU.ActiveCfg = Debug|Any CPU
		{702F3699-B147-46EB-B494-DB3C63E354A4}.Debug|Any CPU.Build.0 = Debug|Any CPU
		{702F3699-B147-46EB-B494-DB3C63E354A4}.Release|Any CPU.ActiveCfg = Release|Any CPU
		{702F3699-B147-46EB-B494-DB3C63E354A4}.Release|Any CPU.Build.0 = Release|Any CPU
		{AFF14611-254C-435C-ACA4-89DA69228F92}.Debug|Any CPU.ActiveCfg = Debug|Any CPU
		{AFF14611-254C-435C-ACA4-89DA69228F92}.Debug|Any CPU.Build.0 = Debug|Any CPU
		{AFF14611-254C-435C-ACA4-89DA69228F92}.Release|Any CPU.ActiveCfg = Release|Any CPU
		{AFF14611-254C-435C-ACA4-89DA69228F92}.Release|Any CPU.Build.0 = Release|Any CPU
		{136029BB-8732-406E-A7A2-6D7239376766}.Debug|Any CPU.ActiveCfg = Debug|Any CPU
		{136029BB-8732-406E-A7A2-6D7239376766}.Debug|Any CPU.Build.0 = Debug|Any CPU
		{136029BB-8732-406E-A7A2-6D7239376766}.Release|Any CPU.ActiveCfg = Release|Any CPU
		{136029BB-8732-406E-A7A2-6D7239376766}.Release|Any CPU.Build.0 = Release|Any CPU
		{5569ABD7-11BE-4F7B-9564-1DF8D28762B5}.Debug|Any CPU.ActiveCfg = Debug|Any CPU
		{5569ABD7-11BE-4F7B-9564-1DF8D28762B5}.Debug|Any CPU.Build.0 = Debug|Any CPU
		{5569ABD7-11BE-4F7B-9564-1DF8D28762B5}.Release|Any CPU.ActiveCfg = Release|Any CPU
		{5569ABD7-11BE-4F7B-9564-1DF8D28762B5}.Release|Any CPU.Build.0 = Release|Any CPU
	EndGlobalSection
	GlobalSection(SolutionProperties) = preSolution
		HideSolutionNode = FALSE
	EndGlobalSection
	GlobalSection(NestedProjects) = preSolution
		{CEB55788-5273-4E49-8E17-261B9D979BED} = {39034393-F969-4141-89BD-ED0325ED8043}
		{CF659682-BAF1-4686-A971-E309668E7568} = {39034393-F969-4141-89BD-ED0325ED8043}
		{10FC1ACB-55C1-41EF-B597-89219F12F5DD} = {39034393-F969-4141-89BD-ED0325ED8043}
		{3C7F52ED-1565-407B-B410-074F731343C0} = {39034393-F969-4141-89BD-ED0325ED8043}
		{7AFFE0C0-CC3F-4DC3-BD20-ABEE4CC70EB6} = {5F0F4F2C-34B4-4756-A9A8-8C03629F0883}
		{702F3699-B147-46EB-B494-DB3C63E354A4} = {5F0F4F2C-34B4-4756-A9A8-8C03629F0883}
	EndGlobalSection
	GlobalSection(ExtensibilityGlobals) = postSolution
		SolutionGuid = {EDB01FA1-FD09-4963-9768-C15612F0962B}
	EndGlobalSection
EndGlobal
